
Microsoft Visual Studio Solution File, Format Version 12.00
# Visual Studio Version 17
VisualStudioVersion = 17.9.34622.214
MinimumVisualStudioVersion = 10.0.40219.1
Project("{FAE04EC0-301F-11D3-BF4B-00C04F79EFBC}") = "APIMinima", "APIMinima\APIMinima.csproj", "{DB98DD23-944B-4D79-BCDE-DEA0C991883D}"
EndProject
Global
	GlobalSection(SolutionConfigurationPlatforms) = preSolution
		Debug|Any CPU = Debug|Any CPU
		Release|Any CPU = Release|Any CPU
	EndGlobalSection
	GlobalSection(ProjectConfigurationPlatforms) = postSolution
		{DB98DD23-944B-4D79-BCDE-DEA0C991883D}.Debug|Any CPU.ActiveCfg = Debug|Any CPU
		{DB98DD23-944B-4D79-BCDE-DEA0C991883D}.Debug|Any CPU.Build.0 = Debug|Any CPU
		{DB98DD23-944B-4D79-BCDE-DEA0C991883D}.Release|Any CPU.ActiveCfg = Release|Any CPU
		{DB98DD23-944B-4D79-BCDE-DEA0C991883D}.Release|Any CPU.Build.0 = Release|Any CPU
	EndGlobalSection
	GlobalSection(SolutionProperties) = preSolution
		HideSolutionNode = FALSE
	EndGlobalSection
	GlobalSection(ExtensibilityGlobals) = postSolution
		SolutionGuid = {5B36E55F-97A3-4A23-9DB2-40D5D88289DE}
	EndGlobalSection
EndGlobal
